{
  "name": "miraclesummer",
  "version": "1.0.0",
  "lockfileVersion": 3,
  "requires": true,
  "packages": {
    "": {
      "name": "miraclesummer",
      "version": "1.0.0",
      "license": "ISC",
      "dependencies": {
        "gsap": "file:gsap-bonus.tgz"
      }
    },
    "node_modules/gsap": {
      "version": "3.12.5",
      "resolved": "file:gsap-bonus.tgz",
      "integrity": "sha512-Q/GR6Bq13T9ulCSt3bIxHtYu5NbeBZwTi9DykpMFGsF1xUNmG5zNHr/B7TtECURU+N9JSFEPoFj9o77gXfVSRw==",
      "license": "This package should only be used by individuals/companies with an active Club GreenSock membership. See https://greensock.com/club/. Licensing: https://greensock.com/licensing/"
    }
  }
}
